// !$*UTF8*$!
{
archiveVersion = 1;
classes = {};
objectVersion = 56;
objects = {

/* Begin PBXBuildFile section */
A10000000000000000000001 /* TnCheatsApp.swift in Sources */ = {isa = PBXBuildFile; fileRef = B10000000000000000000001; };
A10000000000000000000002 /* Models.swift in Sources */ = {isa = PBXBuildFile; fileRef = B10000000000000000000002; };
A10000000000000000000003 /* SessionStore.swift in Sources */ = {isa = PBXBuildFile; fileRef = B10000000000000000000003; };
A10000000000000000000004 /* ThemeManager.swift in Sources */ = {isa = PBXBuildFile; fileRef = B10000000000000000000004; };
A10000000000000000000005 /* APIService.swift in Sources */ = {isa = PBXBuildFile; fileRef = B10000000000000000000005; };
A10000000000000000000006 /* ContentView.swift in Sources */ = {isa = PBXBuildFile; fileRef = B10000000000000000000006; };
A10000000000000000000010 /* Compatibility.swift in Sources */ = {isa = PBXBuildFile; fileRef = B10000000000000000000010; };
A10000000000000000000007 /* Resources in Resources */ = {isa = PBXBuildFile; fileRef = B10000000000000000000007; };
/* End PBXBuildFile section */

/* Begin PBXFileReference section */
B10000000000000000000001 /* TnCheatsApp.swift */ = {isa = PBXFileReference; lastKnownFileType = sourcecode.swift; path = TnCheatsApp.swift; sourceTree = "<group>"; };
B10000000000000000000002 /* Models.swift */ = {isa = PBXFileReference; lastKnownFileType = sourcecode.swift; path = Models.swift; sourceTree = "<group>"; };
B10000000000000000000003 /* SessionStore.swift */ = {isa = PBXFileReference; lastKnownFileType = sourcecode.swift; path = SessionStore.swift; sourceTree = "<group>"; };
B10000000000000000000004 /* ThemeManager.swift */ = {isa = PBXFileReference; lastKnownFileType = sourcecode.swift; path = ThemeManager.swift; sourceTree = "<group>"; };
B10000000000000000000005 /* APIService.swift */ = {isa = PBXFileReference; lastKnownFileType = sourcecode.swift; path = APIService.swift; sourceTree = "<group>"; };
B10000000000000000000006 /* ContentView.swift */ = {isa = PBXFileReference; lastKnownFileType = sourcecode.swift; path = ContentView.swift; sourceTree = "<group>"; };
B10000000000000000000008 /* Info.plist */ = {isa = PBXFileReference; lastKnownFileType = text.plist.xml; path = Info.plist; sourceTree = "<group>"; };
B10000000000000000000007 /* Resources */ = {isa = PBXFileReference; lastKnownFileType = folder; path = Resources; sourceTree = "<group>"; };
B10000000000000000000010 /* Compatibility.swift */ = {isa = PBXFileReference; lastKnownFileType = sourcecode.swift; path = Compatibility.swift; sourceTree = "<group>"; };
B10000000000000000000009 /* TnCheats.app */ = {isa = PBXFileReference; explicitFileType = wrapper.application; includeInIndex = 0; path = TnCheats.app; sourceTree = BUILT_PRODUCTS_DIR; };
/* End PBXFileReference section */

/* Begin PBXFrameworksBuildPhase section */
C10000000000000000000001 /* Frameworks */ = {isa = PBXFrameworksBuildPhase; buildActionMask = 2147483647; files = (); runOnlyForDeploymentPostprocessing = 0; };
/* End PBXFrameworksBuildPhase section */

/* Begin PBXGroup section */
D10000000000000000000001 = {isa = PBXGroup; children = (D10000000000000000000002,D10000000000000000000003); sourceTree = "<group>"; };
D10000000000000000000002 /* TnCheats */ = {isa = PBXGroup; children = (B10000000000000000000001,B10000000000000000000002,B10000000000000000000003,B10000000000000000000004,B10000000000000000000005,B10000000000000000000006,B10000000000000000000008,B10000000000000000000007); path = RegMod; sourceTree = "<group>"; };
D10000000000000000000003 /* Products */ = {isa = PBXGroup; children = (B10000000000000000000009); name = Products; sourceTree = "<group>"; };
/* End PBXGroup section */

/* Begin PBXNativeTarget section */
E10000000000000000000001 /* TnCheats */ = {isa = PBXNativeTarget; buildConfigurationList = F10000000000000000000002; buildPhases = (C10000000000000000000002,C10000000000000000000001,C10000000000000000000003); buildRules = (); dependencies = (); name = TnCheats; productName = TnCheats; productReference = B10000000000000000000009; productType = "com.apple.product-type.application"; };
/* End PBXNativeTarget section */

/* Begin PBXProject section */
E10000000000000000000002 /* Project object */ = {isa = PBXProject; attributes = {LastUpgradeCheck = 1540; TargetAttributes = {E10000000000000000000001 = {CreatedOnToolsVersion = 15.4; }; }; }; buildConfigurationList = F10000000000000000000001; compatibilityVersion = "Xcode 14.0"; developmentRegion = en; hasScannedForEncodings = 0; knownRegions = (en); mainGroup = D10000000000000000000001; productRefGroup = D10000000000000000000003; projectDirPath = ""; projectRoot = ""; targets = (E10000000000000000000001); };
/* End PBXProject section */

/* Begin PBXResourcesBuildPhase section */
C10000000000000000000003 /* Resources */ = {isa = PBXResourcesBuildPhase; buildActionMask = 2147483647; files = (A10000000000000000000007); runOnlyForDeploymentPostprocessing = 0; };
/* End PBXResourcesBuildPhase section */

/* Begin PBXSourcesBuildPhase section */
C10000000000000000000002 /* Sources */ = {isa = PBXSourcesBuildPhase; buildActionMask = 2147483647; files = (A10000000000000000000001,A10000000000000000000002,A10000000000000000000003,A10000000000000000000004,A10000000000000000000005,A10000000000000000000006,A10000000000000000000010); runOnlyForDeploymentPostprocessing = 0; };
/* End PBXSourcesBuildPhase section */

/* Begin XCBuildConfiguration section */
F10000000000000000000003 /* Debug */ = {isa = XCBuildConfiguration; buildSettings = {ALWAYS_SEARCH_USER_PATHS = NO; CLANG_ENABLE_MODULES = YES; CODE_SIGNING_ALLOWED = NO; CODE_SIGNING_REQUIRED = NO; CODE_SIGN_STYLE = Manual; DEVELOPMENT_TEAM = ""; INFOPLIST_FILE = RegMod/Info.plist; IPHONEOS_DEPLOYMENT_TARGET = 15.0; PRODUCT_BUNDLE_IDENTIFIER = com.tncheats.app; PRODUCT_NAME = "$(TARGET_NAME)"; SWIFT_VERSION = 5.0;
				IPHONEOS_DEPLOYMENT_TARGET = 15.0; TARGETED_DEVICE_FAMILY = "1,2"; }; name = Debug; };
F10000000000000000000004 /* Release */ = {isa = XCBuildConfiguration; buildSettings = {ALWAYS_SEARCH_USER_PATHS = NO; CLANG_ENABLE_MODULES = YES; CODE_SIGNING_ALLOWED = NO; CODE_SIGNING_REQUIRED = NO; CODE_SIGN_STYLE = Manual; DEVELOPMENT_TEAM = ""; INFOPLIST_FILE = RegMod/Info.plist; IPHONEOS_DEPLOYMENT_TARGET = 15.0; PRODUCT_BUNDLE_IDENTIFIER = com.tncheats.app; PRODUCT_NAME = "$(TARGET_NAME)"; SWIFT_VERSION = 5.0;
				IPHONEOS_DEPLOYMENT_TARGET = 15.0; TARGETED_DEVICE_FAMILY = "1,2"; }; name = Release; };
F10000000000000000000001 = {isa = XCConfigurationList; buildConfigurations = (F10000000000000000000003,F10000000000000000000004); defaultConfigurationIsVisible = 0; defaultConfigurationName = Release; };
F10000000000000000000005 = {isa = XCBuildConfiguration; buildSettings = {}; name = Debug; };
F10000000000000000000006 = {isa = XCBuildConfiguration; buildSettings = {}; name = Release; };
F10000000000000000000002 = {isa = XCConfigurationList; buildConfigurations = (F10000000000000000000005,F10000000000000000000006); defaultConfigurationIsVisible = 0; defaultConfigurationName = Release; };
/* End XCBuildConfiguration section */
};
rootObject = E10000000000000000000002;
}
